
Microsoft Visual Studio Solution File, Format Version 12.00
# Visual Studio 15
VisualStudioVersion = 15.0.26124.0
MinimumVisualStudioVersion = 15.0.26124.0
Project("{FAE04EC0-301F-11D3-BF4B-00C04F79EFBC}") = "Lidarr.Api.V1", "Lidarr.Api.V1\Lidarr.Api.V1.csproj", "{C329855E-EDE1-4FE9-B631-A558459B2E81}"
EndProject
Project("{FAE04EC0-301F-11D3-BF4B-00C04F79EFBC}") = "Lidarr.Http", "Lidarr.Http\Lidarr.Http.csproj", "{CFC3E8DD-5715-4745-A1D1-2A23127E3AE6}"
EndProject
Project("{FAE04EC0-301F-11D3-BF4B-00C04F79EFBC}") = "Lidarr.SignalR", "Lidarr.SignalR\Lidarr.SignalR.csproj", "{E8878BB2-34FF-4A8E-87CF-2263FBF0261E}"
EndProject
Project("{FAE04EC0-301F-11D3-BF4B-00C04F79EFBC}") = "Marr.Data", "Marr.Data\Marr.Data.csproj", "{F5EB172A-DC5A-4A0F-9C43-F28DBF3389EB}"
EndProject
Project("{FAE04EC0-301F-11D3-BF4B-00C04F79EFBC}") = "MonoTorrent", "MonoTorrent\MonoTorrent.csproj", "{08BF8EFD-6410-475D-9EC1-3C6CC73506DC}"
EndProject
Project("{FAE04EC0-301F-11D3-BF4B-00C04F79EFBC}") = "Lidarr.Api.Test", "NzbDrone.Api.Test\Lidarr.Api.Test.csproj", "{A98AFBF9-5BF3-4BD5-8970-F630B4246156}"
EndProject
Project("{FAE04EC0-301F-11D3-BF4B-00C04F79EFBC}") = "Lidarr.Automation.Test", "NzbDrone.Automation.Test\Lidarr.Automation.Test.csproj", "{7CC12083-B0A6-4C88-B8F6-437293B08F0E}"
EndProject
Project("{FAE04EC0-301F-11D3-BF4B-00C04F79EFBC}") = "Lidarr.Common", "NzbDrone.Common\Lidarr.Common.csproj", "{23A549B6-681D-44BD-B128-1CF04CCBEF50}"
EndProject
Project("{FAE04EC0-301F-11D3-BF4B-00C04F79EFBC}") = "Lidarr.Common.Test", "NzbDrone.Common.Test\Lidarr.Common.Test.csproj", "{EA12D3FE-9D45-462E-9CF2-76285CF6CF95}"
EndProject
Project("{FAE04EC0-301F-11D3-BF4B-00C04F79EFBC}") = "Lidarr.Console", "NzbDrone.Console\Lidarr.Console.csproj", "{D5092572-ADD5-4438-AFA7-A25BD27B60BF}"
EndProject
Project("{FAE04EC0-301F-11D3-BF4B-00C04F79EFBC}") = "Lidarr.Core", "NzbDrone.Core\Lidarr.Core.csproj", "{A93E23BB-A7C8-467E-92E8-0935E066EC01}"
EndProject
Project("{FAE04EC0-301F-11D3-BF4B-00C04F79EFBC}") = "Lidarr.Core.Test", "NzbDrone.Core.Test\Lidarr.Core.Test.csproj", "{4EFD7FA0-6D74-4C28-AECE-0A301C190635}"
EndProject
Project("{FAE04EC0-301F-11D3-BF4B-00C04F79EFBC}") = "Lidarr.Host", "NzbDrone.Host\Lidarr.Host.csproj", "{4DE4F631-C215-47F2-863A-B51DB1D91DA0}"
EndProject
Project("{FAE04EC0-301F-11D3-BF4B-00C04F79EFBC}") = "Lidarr.Host.Test", "NzbDrone.Host.Test\Lidarr.Host.Test.csproj", "{DE918133-0920-49E9-A277-90579DC5C1C5}"
EndProject
Project("{FAE04EC0-301F-11D3-BF4B-00C04F79EFBC}") = "Lidarr.Libraries.Test", "NzbDrone.Libraries.Test\Lidarr.Libraries.Test.csproj", "{6F519F70-5545-4953-809B-98C31BC79B13}"
EndProject
Project("{FAE04EC0-301F-11D3-BF4B-00C04F79EFBC}") = "Lidarr.Mono", "NzbDrone.Mono\Lidarr.Mono.csproj", "{A69504B4-437D-461D-9588-9698E9E4AA09}"
EndProject
Project("{FAE04EC0-301F-11D3-BF4B-00C04F79EFBC}") = "Lidarr.Mono.Test", "NzbDrone.Mono.Test\Lidarr.Mono.Test.csproj", "{C9EB13DB-1351-4461-8DD7-3C069734DA62}"
EndProject
Project("{FAE04EC0-301F-11D3-BF4B-00C04F79EFBC}") = "Lidarr.Test.Common", "NzbDrone.Test.Common\Lidarr.Test.Common.csproj", "{325511EA-FF65-43DB-B211-F22DFE58236F}"
EndProject
Project("{FAE04EC0-301F-11D3-BF4B-00C04F79EFBC}") = "Lidarr.Test.Dummy", "NzbDrone.Test.Dummy\Lidarr.Test.Dummy.csproj", "{DEDF2D85-B0DB-48DA-973B-9B1A90AE45E3}"
EndProject
Project("{FAE04EC0-301F-11D3-BF4B-00C04F79EFBC}") = "Lidarr.Update", "NzbDrone.Update\Lidarr.Update.csproj", "{ECD8C5D0-CE15-4209-99C6-DBF645DA1209}"
EndProject
Project("{FAE04EC0-301F-11D3-BF4B-00C04F79EFBC}") = "Lidarr.Update.Test", "NzbDrone.Update.Test\Lidarr.Update.Test.csproj", "{EC7394F5-A533-4159-B78D-62E745E09A3D}"
EndProject
Project("{FAE04EC0-301F-11D3-BF4B-00C04F79EFBC}") = "Lidarr.Windows", "NzbDrone.Windows\Lidarr.Windows.csproj", "{94499DB6-FD88-4B99-B32B-53C8177D2F74}"
EndProject
Project("{FAE04EC0-301F-11D3-BF4B-00C04F79EFBC}") = "Lidarr.Windows.Test", "NzbDrone.Windows.Test\Lidarr.Windows.Test.csproj", "{E1A45A7D-8797-4741-A6DB-D4E0960CF787}"
EndProject
Project("{FAE04EC0-301F-11D3-BF4B-00C04F79EFBC}") = "Lidarr.Integration.Test", "NzbDrone.Integration.Test\Lidarr.Integration.Test.csproj", "{4535B023-381C-43F2-8131-90013BB5D7BF}"
EndProject
Project("{2150E333-8FDC-42A3-9474-1A3956D46DE8}") = "ServiceHelpers", "ServiceHelpers", "{97DF1E33-0DC8-4AE5-8B43-F4BA3A6F1CD7}"
EndProject
Project("{FAE04EC0-301F-11D3-BF4B-00C04F79EFBC}") = "ServiceInstall", "ServiceHelpers\ServiceInstall\ServiceInstall.csproj", "{A6C012B7-DA5A-49E7-BCF9-113DBC8967B1}"
EndProject
Project("{FAE04EC0-301F-11D3-BF4B-00C04F79EFBC}") = "ServiceUninstall", "ServiceHelpers\ServiceUninstall\ServiceUninstall.csproj", "{A9FF007F-370B-4E17-8F36-F822ECC8870A}"
EndProject
Global
	GlobalSection(SolutionConfigurationPlatforms) = preSolution
		Debug|Any CPU = Debug|Any CPU
		Debug|x64 = Debug|x64
		Debug|x86 = Debug|x86
		Release|Any CPU = Release|Any CPU
		Release|x64 = Release|x64
		Release|x86 = Release|x86
	EndGlobalSection
	GlobalSection(SolutionProperties) = preSolution
		HideSolutionNode = FALSE
	EndGlobalSection
	GlobalSection(ProjectConfigurationPlatforms) = postSolution
		{C329855E-EDE1-4FE9-B631-A558459B2E81}.Debug|Any CPU.ActiveCfg = Debug|x86
		{C329855E-EDE1-4FE9-B631-A558459B2E81}.Debug|Any CPU.Build.0 = Debug|x86
		{C329855E-EDE1-4FE9-B631-A558459B2E81}.Debug|x64.ActiveCfg = Debug|x86
		{C329855E-EDE1-4FE9-B631-A558459B2E81}.Debug|x64.Build.0 = Debug|x86
		{C329855E-EDE1-4FE9-B631-A558459B2E81}.Debug|x86.ActiveCfg = Debug|x86
		{C329855E-EDE1-4FE9-B631-A558459B2E81}.Debug|x86.Build.0 = Debug|x86
		{C329855E-EDE1-4FE9-B631-A558459B2E81}.Release|Any CPU.ActiveCfg = Release|x86
		{C329855E-EDE1-4FE9-B631-A558459B2E81}.Release|Any CPU.Build.0 = Release|x86
		{C329855E-EDE1-4FE9-B631-A558459B2E81}.Release|x64.ActiveCfg = Release|x86
		{C329855E-EDE1-4FE9-B631-A558459B2E81}.Release|x64.Build.0 = Release|x86
		{C329855E-EDE1-4FE9-B631-A558459B2E81}.Release|x86.ActiveCfg = Release|x86
		{C329855E-EDE1-4FE9-B631-A558459B2E81}.Release|x86.Build.0 = Release|x86
		{CFC3E8DD-5715-4745-A1D1-2A23127E3AE6}.Debug|Any CPU.ActiveCfg = Debug|x86
		{CFC3E8DD-5715-4745-A1D1-2A23127E3AE6}.Debug|Any CPU.Build.0 = Debug|x86
		{CFC3E8DD-5715-4745-A1D1-2A23127E3AE6}.Debug|x64.ActiveCfg = Debug|x86
		{CFC3E8DD-5715-4745-A1D1-2A23127E3AE6}.Debug|x64.Build.0 = Debug|x86
		{CFC3E8DD-5715-4745-A1D1-2A23127E3AE6}.Debug|x86.ActiveCfg = Debug|x86
		{CFC3E8DD-5715-4745-A1D1-2A23127E3AE6}.Debug|x86.Build.0 = Debug|x86
		{CFC3E8DD-5715-4745-A1D1-2A23127E3AE6}.Release|Any CPU.ActiveCfg = Release|x86
		{CFC3E8DD-5715-4745-A1D1-2A23127E3AE6}.Release|Any CPU.Build.0 = Release|x86
		{CFC3E8DD-5715-4745-A1D1-2A23127E3AE6}.Release|x64.ActiveCfg = Release|x86
		{CFC3E8DD-5715-4745-A1D1-2A23127E3AE6}.Release|x64.Build.0 = Release|x86
		{CFC3E8DD-5715-4745-A1D1-2A23127E3AE6}.Release|x86.ActiveCfg = Release|x86
		{CFC3E8DD-5715-4745-A1D1-2A23127E3AE6}.Release|x86.Build.0 = Release|x86
		{E8878BB2-34FF-4A8E-87CF-2263FBF0261E}.Debug|Any CPU.ActiveCfg = Debug|x86
		{E8878BB2-34FF-4A8E-87CF-2263FBF0261E}.Debug|Any CPU.Build.0 = Debug|x86
		{E8878BB2-34FF-4A8E-87CF-2263FBF0261E}.Debug|x64.ActiveCfg = Debug|x86
		{E8878BB2-34FF-4A8E-87CF-2263FBF0261E}.Debug|x64.Build.0 = Debug|x86
		{E8878BB2-34FF-4A8E-87CF-2263FBF0261E}.Debug|x86.ActiveCfg = Debug|x86
		{E8878BB2-34FF-4A8E-87CF-2263FBF0261E}.Debug|x86.Build.0 = Debug|x86
		{E8878BB2-34FF-4A8E-87CF-2263FBF0261E}.Release|Any CPU.ActiveCfg = Release|x86
		{E8878BB2-34FF-4A8E-87CF-2263FBF0261E}.Release|Any CPU.Build.0 = Release|x86
		{E8878BB2-34FF-4A8E-87CF-2263FBF0261E}.Release|x64.ActiveCfg = Release|x86
		{E8878BB2-34FF-4A8E-87CF-2263FBF0261E}.Release|x64.Build.0 = Release|x86
		{E8878BB2-34FF-4A8E-87CF-2263FBF0261E}.Release|x86.ActiveCfg = Release|x86
		{E8878BB2-34FF-4A8E-87CF-2263FBF0261E}.Release|x86.Build.0 = Release|x86
		{F5EB172A-DC5A-4A0F-9C43-F28DBF3389EB}.Debug|Any CPU.ActiveCfg = Debug|x86
		{F5EB172A-DC5A-4A0F-9C43-F28DBF3389EB}.Debug|Any CPU.Build.0 = Debug|x86
		{F5EB172A-DC5A-4A0F-9C43-F28DBF3389EB}.Debug|x64.ActiveCfg = Debug|x86
		{F5EB172A-DC5A-4A0F-9C43-F28DBF3389EB}.Debug|x64.Build.0 = Debug|x86
		{F5EB172A-DC5A-4A0F-9C43-F28DBF3389EB}.Debug|x86.ActiveCfg = Debug|x86
		{F5EB172A-DC5A-4A0F-9C43-F28DBF3389EB}.Debug|x86.Build.0 = Debug|x86
		{F5EB172A-DC5A-4A0F-9C43-F28DBF3389EB}.Release|Any CPU.ActiveCfg = Release|x86
		{F5EB172A-DC5A-4A0F-9C43-F28DBF3389EB}.Release|Any CPU.Build.0 = Release|x86
		{F5EB172A-DC5A-4A0F-9C43-F28DBF3389EB}.Release|x64.ActiveCfg = Release|x86
		{F5EB172A-DC5A-4A0F-9C43-F28DBF3389EB}.Release|x64.Build.0 = Release|x86
		{F5EB172A-DC5A-4A0F-9C43-F28DBF3389EB}.Release|x86.ActiveCfg = Release|x86
		{F5EB172A-DC5A-4A0F-9C43-F28DBF3389EB}.Release|x86.Build.0 = Release|x86
		{08BF8EFD-6410-475D-9EC1-3C6CC73506DC}.Debug|Any CPU.ActiveCfg = Debug|x86
		{08BF8EFD-6410-475D-9EC1-3C6CC73506DC}.Debug|Any CPU.Build.0 = Debug|x86
		{08BF8EFD-6410-475D-9EC1-3C6CC73506DC}.Debug|x64.ActiveCfg = Debug|x86
		{08BF8EFD-6410-475D-9EC1-3C6CC73506DC}.Debug|x64.Build.0 = Debug|x86
		{08BF8EFD-6410-475D-9EC1-3C6CC73506DC}.Debug|x86.ActiveCfg = Debug|x86
		{08BF8EFD-6410-475D-9EC1-3C6CC73506DC}.Debug|x86.Build.0 = Debug|x86
		{08BF8EFD-6410-475D-9EC1-3C6CC73506DC}.Release|Any CPU.ActiveCfg = Release|x86
		{08BF8EFD-6410-475D-9EC1-3C6CC73506DC}.Release|Any CPU.Build.0 = Release|x86
		{08BF8EFD-6410-475D-9EC1-3C6CC73506DC}.Release|x64.ActiveCfg = Release|x86
		{08BF8EFD-6410-475D-9EC1-3C6CC73506DC}.Release|x64.Build.0 = Release|x86
		{08BF8EFD-6410-475D-9EC1-3C6CC73506DC}.Release|x86.ActiveCfg = Release|x86
		{08BF8EFD-6410-475D-9EC1-3C6CC73506DC}.Release|x86.Build.0 = Release|x86
		{A98AFBF9-5BF3-4BD5-8970-F630B4246156}.Debug|Any CPU.ActiveCfg = Debug|x86
		{A98AFBF9-5BF3-4BD5-8970-F630B4246156}.Debug|Any CPU.Build.0 = Debug|x86
		{A98AFBF9-5BF3-4BD5-8970-F630B4246156}.Debug|x64.ActiveCfg = Debug|x86
		{A98AFBF9-5BF3-4BD5-8970-F630B4246156}.Debug|x64.Build.0 = Debug|x86
		{A98AFBF9-5BF3-4BD5-8970-F630B4246156}.Debug|x86.ActiveCfg = Debug|x86
		{A98AFBF9-5BF3-4BD5-8970-F630B4246156}.Debug|x86.Build.0 = Debug|x86
		{A98AFBF9-5BF3-4BD5-8970-F630B4246156}.Release|Any CPU.ActiveCfg = Release|x86
		{A98AFBF9-5BF3-4BD5-8970-F630B4246156}.Release|Any CPU.Build.0 = Release|x86
		{A98AFBF9-5BF3-4BD5-8970-F630B4246156}.Release|x64.ActiveCfg = Release|x86
		{A98AFBF9-5BF3-4BD5-8970-F630B4246156}.Release|x64.Build.0 = Release|x86
		{A98AFBF9-5BF3-4BD5-8970-F630B4246156}.Release|x86.ActiveCfg = Release|x86
		{A98AFBF9-5BF3-4BD5-8970-F630B4246156}.Release|x86.Build.0 = Release|x86
		{7CC12083-B0A6-4C88-B8F6-437293B08F0E}.Debug|Any CPU.ActiveCfg = Debug|x86
		{7CC12083-B0A6-4C88-B8F6-437293B08F0E}.Debug|Any CPU.Build.0 = Debug|x86
		{7CC12083-B0A6-4C88-B8F6-437293B08F0E}.Debug|x64.ActiveCfg = Debug|x86
		{7CC12083-B0A6-4C88-B8F6-437293B08F0E}.Debug|x64.Build.0 = Debug|x86
		{7CC12083-B0A6-4C88-B8F6-437293B08F0E}.Debug|x86.ActiveCfg = Debug|x86
		{7CC12083-B0A6-4C88-B8F6-437293B08F0E}.Debug|x86.Build.0 = Debug|x86
		{7CC12083-B0A6-4C88-B8F6-437293B08F0E}.Release|Any CPU.ActiveCfg = Release|x86
		{7CC12083-B0A6-4C88-B8F6-437293B08F0E}.Release|Any CPU.Build.0 = Release|x86
		{7CC12083-B0A6-4C88-B8F6-437293B08F0E}.Release|x64.ActiveCfg = Release|x86
		{7CC12083-B0A6-4C88-B8F6-437293B08F0E}.Release|x64.Build.0 = Release|x86
		{7CC12083-B0A6-4C88-B8F6-437293B08F0E}.Release|x86.ActiveCfg = Release|x86
		{7CC12083-B0A6-4C88-B8F6-437293B08F0E}.Release|x86.Build.0 = Release|x86
		{23A549B6-681D-44BD-B128-1CF04CCBEF50}.Debug|Any CPU.ActiveCfg = Debug|x86
		{23A549B6-681D-44BD-B128-1CF04CCBEF50}.Debug|Any CPU.Build.0 = Debug|x86
		{23A549B6-681D-44BD-B128-1CF04CCBEF50}.Debug|x64.ActiveCfg = Debug|x86
		{23A549B6-681D-44BD-B128-1CF04CCBEF50}.Debug|x64.Build.0 = Debug|x86
		{23A549B6-681D-44BD-B128-1CF04CCBEF50}.Debug|x86.ActiveCfg = Debug|x86
		{23A549B6-681D-44BD-B128-1CF04CCBEF50}.Debug|x86.Build.0 = Debug|x86
		{23A549B6-681D-44BD-B128-1CF04CCBEF50}.Release|Any CPU.ActiveCfg = Release|x86
		{23A549B6-681D-44BD-B128-1CF04CCBEF50}.Release|Any CPU.Build.0 = Release|x86
		{23A549B6-681D-44BD-B128-1CF04CCBEF50}.Release|x64.ActiveCfg = Release|x86
		{23A549B6-681D-44BD-B128-1CF04CCBEF50}.Release|x64.Build.0 = Release|x86
		{23A549B6-681D-44BD-B128-1CF04CCBEF50}.Release|x86.ActiveCfg = Release|x86
		{23A549B6-681D-44BD-B128-1CF04CCBEF50}.Release|x86.Build.0 = Release|x86
		{EA12D3FE-9D45-462E-9CF2-76285CF6CF95}.Debug|Any CPU.ActiveCfg = Debug|x86
		{EA12D3FE-9D45-462E-9CF2-76285CF6CF95}.Debug|Any CPU.Build.0 = Debug|x86
		{EA12D3FE-9D45-462E-9CF2-76285CF6CF95}.Debug|x64.ActiveCfg = Debug|x86
		{EA12D3FE-9D45-462E-9CF2-76285CF6CF95}.Debug|x64.Build.0 = Debug|x86
		{EA12D3FE-9D45-462E-9CF2-76285CF6CF95}.Debug|x86.ActiveCfg = Debug|x86
		{EA12D3FE-9D45-462E-9CF2-76285CF6CF95}.Debug|x86.Build.0 = Debug|x86
		{EA12D3FE-9D45-462E-9CF2-76285CF6CF95}.Release|Any CPU.ActiveCfg = Release|x86
		{EA12D3FE-9D45-462E-9CF2-76285CF6CF95}.Release|Any CPU.Build.0 = Release|x86
		{EA12D3FE-9D45-462E-9CF2-76285CF6CF95}.Release|x64.ActiveCfg = Release|x86
		{EA12D3FE-9D45-462E-9CF2-76285CF6CF95}.Release|x64.Build.0 = Release|x86
		{EA12D3FE-9D45-462E-9CF2-76285CF6CF95}.Release|x86.ActiveCfg = Release|x86
		{EA12D3FE-9D45-462E-9CF2-76285CF6CF95}.Release|x86.Build.0 = Release|x86
		{D5092572-ADD5-4438-AFA7-A25BD27B60BF}.Debug|Any CPU.ActiveCfg = Debug|x86
		{D5092572-ADD5-4438-AFA7-A25BD27B60BF}.Debug|Any CPU.Build.0 = Debug|x86
		{D5092572-ADD5-4438-AFA7-A25BD27B60BF}.Debug|x64.ActiveCfg = Debug|x86
		{D5092572-ADD5-4438-AFA7-A25BD27B60BF}.Debug|x64.Build.0 = Debug|x86
		{D5092572-ADD5-4438-AFA7-A25BD27B60BF}.Debug|x86.ActiveCfg = Debug|x86
		{D5092572-ADD5-4438-AFA7-A25BD27B60BF}.Debug|x86.Build.0 = Debug|x86
		{D5092572-ADD5-4438-AFA7-A25BD27B60BF}.Release|Any CPU.ActiveCfg = Release|x86
		{D5092572-ADD5-4438-AFA7-A25BD27B60BF}.Release|Any CPU.Build.0 = Release|x86
		{D5092572-ADD5-4438-AFA7-A25BD27B60BF}.Release|x64.ActiveCfg = Release|x86
		{D5092572-ADD5-4438-AFA7-A25BD27B60BF}.Release|x64.Build.0 = Release|x86
		{D5092572-ADD5-4438-AFA7-A25BD27B60BF}.Release|x86.ActiveCfg = Release|x86
		{D5092572-ADD5-4438-AFA7-A25BD27B60BF}.Release|x86.Build.0 = Release|x86
		{A93E23BB-A7C8-467E-92E8-0935E066EC01}.Debug|Any CPU.ActiveCfg = Debug|x86
		{A93E23BB-A7C8-467E-92E8-0935E066EC01}.Debug|Any CPU.Build.0 = Debug|x86
		{A93E23BB-A7C8-467E-92E8-0935E066EC01}.Debug|x64.ActiveCfg = Debug|x86
		{A93E23BB-A7C8-467E-92E8-0935E066EC01}.Debug|x64.Build.0 = Debug|x86
		{A93E23BB-A7C8-467E-92E8-0935E066EC01}.Debug|x86.ActiveCfg = Debug|x86
		{A93E23BB-A7C8-467E-92E8-0935E066EC01}.Debug|x86.Build.0 = Debug|x86
		{A93E23BB-A7C8-467E-92E8-0935E066EC01}.Release|Any CPU.ActiveCfg = Release|x86
		{A93E23BB-A7C8-467E-92E8-0935E066EC01}.Release|Any CPU.Build.0 = Release|x86
		{A93E23BB-A7C8-467E-92E8-0935E066EC01}.Release|x64.ActiveCfg = Release|x86
		{A93E23BB-A7C8-467E-92E8-0935E066EC01}.Release|x64.Build.0 = Release|x86
		{A93E23BB-A7C8-467E-92E8-0935E066EC01}.Release|x86.ActiveCfg = Release|x86
		{A93E23BB-A7C8-467E-92E8-0935E066EC01}.Release|x86.Build.0 = Release|x86
		{4EFD7FA0-6D74-4C28-AECE-0A301C190635}.Debug|Any CPU.ActiveCfg = Debug|x86
		{4EFD7FA0-6D74-4C28-AECE-0A301C190635}.Debug|Any CPU.Build.0 = Debug|x86
		{4EFD7FA0-6D74-4C28-AECE-0A301C190635}.Debug|x64.ActiveCfg = Debug|x86
		{4EFD7FA0-6D74-4C28-AECE-0A301C190635}.Debug|x64.Build.0 = Debug|x86
		{4EFD7FA0-6D74-4C28-AECE-0A301C190635}.Debug|x86.ActiveCfg = Debug|x86
		{4EFD7FA0-6D74-4C28-AECE-0A301C190635}.Debug|x86.Build.0 = Debug|x86
		{4EFD7FA0-6D74-4C28-AECE-0A301C190635}.Release|Any CPU.ActiveCfg = Release|x86
		{4EFD7FA0-6D74-4C28-AECE-0A301C190635}.Release|Any CPU.Build.0 = Release|x86
		{4EFD7FA0-6D74-4C28-AECE-0A301C190635}.Release|x64.ActiveCfg = Release|x86
		{4EFD7FA0-6D74-4C28-AECE-0A301C190635}.Release|x64.Build.0 = Release|x86
		{4EFD7FA0-6D74-4C28-AECE-0A301C190635}.Release|x86.ActiveCfg = Release|x86
		{4EFD7FA0-6D74-4C28-AECE-0A301C190635}.Release|x86.Build.0 = Release|x86
		{4DE4F631-C215-47F2-863A-B51DB1D91DA0}.Debug|Any CPU.ActiveCfg = Debug|x86
		{4DE4F631-C215-47F2-863A-B51DB1D91DA0}.Debug|Any CPU.Build.0 = Debug|x86
		{4DE4F631-C215-47F2-863A-B51DB1D91DA0}.Debug|x64.ActiveCfg = Debug|x86
		{4DE4F631-C215-47F2-863A-B51DB1D91DA0}.Debug|x64.Build.0 = Debug|x86
		{4DE4F631-C215-47F2-863A-B51DB1D91DA0}.Debug|x86.ActiveCfg = Debug|x86
		{4DE4F631-C215-47F2-863A-B51DB1D91DA0}.Debug|x86.Build.0 = Debug|x86
		{4DE4F631-C215-47F2-863A-B51DB1D91DA0}.Release|Any CPU.ActiveCfg = Release|x86
		{4DE4F631-C215-47F2-863A-B51DB1D91DA0}.Release|Any CPU.Build.0 = Release|x86
		{4DE4F631-C215-47F2-863A-B51DB1D91DA0}.Release|x64.ActiveCfg = Release|x86
		{4DE4F631-C215-47F2-863A-B51DB1D91DA0}.Release|x64.Build.0 = Release|x86
		{4DE4F631-C215-47F2-863A-B51DB1D91DA0}.Release|x86.ActiveCfg = Release|x86
		{4DE4F631-C215-47F2-863A-B51DB1D91DA0}.Release|x86.Build.0 = Release|x86
		{DE918133-0920-49E9-A277-90579DC5C1C5}.Debug|Any CPU.ActiveCfg = Debug|x86
		{DE918133-0920-49E9-A277-90579DC5C1C5}.Debug|Any CPU.Build.0 = Debug|x86
		{DE918133-0920-49E9-A277-90579DC5C1C5}.Debug|x64.ActiveCfg = Debug|x86
		{DE918133-0920-49E9-A277-90579DC5C1C5}.Debug|x64.Build.0 = Debug|x86
		{DE918133-0920-49E9-A277-90579DC5C1C5}.Debug|x86.ActiveCfg = Debug|x86
		{DE918133-0920-49E9-A277-90579DC5C1C5}.Debug|x86.Build.0 = Debug|x86
		{DE918133-0920-49E9-A277-90579DC5C1C5}.Release|Any CPU.ActiveCfg = Release|x86
		{DE918133-0920-49E9-A277-90579DC5C1C5}.Release|Any CPU.Build.0 = Release|x86
		{DE918133-0920-49E9-A277-90579DC5C1C5}.Release|x64.ActiveCfg = Release|x86
		{DE918133-0920-49E9-A277-90579DC5C1C5}.Release|x64.Build.0 = Release|x86
		{DE918133-0920-49E9-A277-90579DC5C1C5}.Release|x86.ActiveCfg = Release|x86
		{DE918133-0920-49E9-A277-90579DC5C1C5}.Release|x86.Build.0 = Release|x86
		{6F519F70-5545-4953-809B-98C31BC79B13}.Debug|Any CPU.ActiveCfg = Debug|x86
		{6F519F70-5545-4953-809B-98C31BC79B13}.Debug|Any CPU.Build.0 = Debug|x86
		{6F519F70-5545-4953-809B-98C31BC79B13}.Debug|x64.ActiveCfg = Debug|x86
		{6F519F70-5545-4953-809B-98C31BC79B13}.Debug|x64.Build.0 = Debug|x86
		{6F519F70-5545-4953-809B-98C31BC79B13}.Debug|x86.ActiveCfg = Debug|x86
		{6F519F70-5545-4953-809B-98C31BC79B13}.Debug|x86.Build.0 = Debug|x86
		{6F519F70-5545-4953-809B-98C31BC79B13}.Release|Any CPU.ActiveCfg = Release|x86
		{6F519F70-5545-4953-809B-98C31BC79B13}.Release|Any CPU.Build.0 = Release|x86
		{6F519F70-5545-4953-809B-98C31BC79B13}.Release|x64.ActiveCfg = Release|x86
		{6F519F70-5545-4953-809B-98C31BC79B13}.Release|x64.Build.0 = Release|x86
		{6F519F70-5545-4953-809B-98C31BC79B13}.Release|x86.ActiveCfg = Release|x86
		{6F519F70-5545-4953-809B-98C31BC79B13}.Release|x86.Build.0 = Release|x86
		{A69504B4-437D-461D-9588-9698E9E4AA09}.Debug|Any CPU.ActiveCfg = Debug|x86
		{A69504B4-437D-461D-9588-9698E9E4AA09}.Debug|Any CPU.Build.0 = Debug|x86
		{A69504B4-437D-461D-9588-9698E9E4AA09}.Debug|x64.ActiveCfg = Debug|x86
		{A69504B4-437D-461D-9588-9698E9E4AA09}.Debug|x64.Build.0 = Debug|x86
		{A69504B4-437D-461D-9588-9698E9E4AA09}.Debug|x86.ActiveCfg = Debug|x86
		{A69504B4-437D-461D-9588-9698E9E4AA09}.Debug|x86.Build.0 = Debug|x86
		{A69504B4-437D-461D-9588-9698E9E4AA09}.Release|Any CPU.ActiveCfg = Release|x86
		{A69504B4-437D-461D-9588-9698E9E4AA09}.Release|Any CPU.Build.0 = Release|x86
		{A69504B4-437D-461D-9588-9698E9E4AA09}.Release|x64.ActiveCfg = Release|x86
		{A69504B4-437D-461D-9588-9698E9E4AA09}.Release|x64.Build.0 = Release|x86
		{A69504B4-437D-461D-9588-9698E9E4AA09}.Release|x86.ActiveCfg = Release|x86
		{A69504B4-437D-461D-9588-9698E9E4AA09}.Release|x86.Build.0 = Release|x86
		{C9EB13DB-1351-4461-8DD7-3C069734DA62}.Debug|Any CPU.ActiveCfg = Debug|x86
		{C9EB13DB-1351-4461-8DD7-3C069734DA62}.Debug|Any CPU.Build.0 = Debug|x86
		{C9EB13DB-1351-4461-8DD7-3C069734DA62}.Debug|x64.ActiveCfg = Debug|x86
		{C9EB13DB-1351-4461-8DD7-3C069734DA62}.Debug|x64.Build.0 = Debug|x86
		{C9EB13DB-1351-4461-8DD7-3C069734DA62}.Debug|x86.ActiveCfg = Debug|x86
		{C9EB13DB-1351-4461-8DD7-3C069734DA62}.Debug|x86.Build.0 = Debug|x86
		{C9EB13DB-1351-4461-8DD7-3C069734DA62}.Release|Any CPU.ActiveCfg = Release|x86
		{C9EB13DB-1351-4461-8DD7-3C069734DA62}.Release|Any CPU.Build.0 = Release|x86
		{C9EB13DB-1351-4461-8DD7-3C069734DA62}.Release|x64.ActiveCfg = Release|x86
		{C9EB13DB-1351-4461-8DD7-3C069734DA62}.Release|x64.Build.0 = Release|x86
		{C9EB13DB-1351-4461-8DD7-3C069734DA62}.Release|x86.ActiveCfg = Release|x86
		{C9EB13DB-1351-4461-8DD7-3C069734DA62}.Release|x86.Build.0 = Release|x86
		{325511EA-FF65-43DB-B211-F22DFE58236F}.Debug|Any CPU.ActiveCfg = Debug|x86
		{325511EA-FF65-43DB-B211-F22DFE58236F}.Debug|Any CPU.Build.0 = Debug|x86
		{325511EA-FF65-43DB-B211-F22DFE58236F}.Debug|x64.ActiveCfg = Debug|x86
		{325511EA-FF65-43DB-B211-F22DFE58236F}.Debug|x64.Build.0 = Debug|x86
		{325511EA-FF65-43DB-B211-F22DFE58236F}.Debug|x86.ActiveCfg = Debug|x86
		{325511EA-FF65-43DB-B211-F22DFE58236F}.Debug|x86.Build.0 = Debug|x86
		{325511EA-FF65-43DB-B211-F22DFE58236F}.Release|Any CPU.ActiveCfg = Release|x86
		{325511EA-FF65-43DB-B211-F22DFE58236F}.Release|Any CPU.Build.0 = Release|x86
		{325511EA-FF65-43DB-B211-F22DFE58236F}.Release|x64.ActiveCfg = Release|x86
		{325511EA-FF65-43DB-B211-F22DFE58236F}.Release|x64.Build.0 = Release|x86
		{325511EA-FF65-43DB-B211-F22DFE58236F}.Release|x86.ActiveCfg = Release|x86
		{325511EA-FF65-43DB-B211-F22DFE58236F}.Release|x86.Build.0 = Release|x86
		{DEDF2D85-B0DB-48DA-973B-9B1A90AE45E3}.Debug|Any CPU.ActiveCfg = Debug|x86
		{DEDF2D85-B0DB-48DA-973B-9B1A90AE45E3}.Debug|Any CPU.Build.0 = Debug|x86
		{DEDF2D85-B0DB-48DA-973B-9B1A90AE45E3}.Debug|x64.ActiveCfg = Debug|x86
		{DEDF2D85-B0DB-48DA-973B-9B1A90AE45E3}.Debug|x64.Build.0 = Debug|x86
		{DEDF2D85-B0DB-48DA-973B-9B1A90AE45E3}.Debug|x86.ActiveCfg = Debug|x86
		{DEDF2D85-B0DB-48DA-973B-9B1A90AE45E3}.Debug|x86.Build.0 = Debug|x86
		{DEDF2D85-B0DB-48DA-973B-9B1A90AE45E3}.Release|Any CPU.ActiveCfg = Release|x86
		{DEDF2D85-B0DB-48DA-973B-9B1A90AE45E3}.Release|Any CPU.Build.0 = Release|x86
		{DEDF2D85-B0DB-48DA-973B-9B1A90AE45E3}.Release|x64.ActiveCfg = Release|x86
		{DEDF2D85-B0DB-48DA-973B-9B1A90AE45E3}.Release|x64.Build.0 = Release|x86
		{DEDF2D85-B0DB-48DA-973B-9B1A90AE45E3}.Release|x86.ActiveCfg = Release|x86
		{DEDF2D85-B0DB-48DA-973B-9B1A90AE45E3}.Release|x86.Build.0 = Release|x86
		{ECD8C5D0-CE15-4209-99C6-DBF645DA1209}.Debug|Any CPU.ActiveCfg = Debug|x86
		{ECD8C5D0-CE15-4209-99C6-DBF645DA1209}.Debug|Any CPU.Build.0 = Debug|x86
		{ECD8C5D0-CE15-4209-99C6-DBF645DA1209}.Debug|x64.ActiveCfg = Debug|x86
		{ECD8C5D0-CE15-4209-99C6-DBF645DA1209}.Debug|x64.Build.0 = Debug|x86
		{ECD8C5D0-CE15-4209-99C6-DBF645DA1209}.Debug|x86.ActiveCfg = Debug|x86
		{ECD8C5D0-CE15-4209-99C6-DBF645DA1209}.Debug|x86.Build.0 = Debug|x86
		{ECD8C5D0-CE15-4209-99C6-DBF645DA1209}.Release|Any CPU.ActiveCfg = Release|x86
		{ECD8C5D0-CE15-4209-99C6-DBF645DA1209}.Release|Any CPU.Build.0 = Release|x86
		{ECD8C5D0-CE15-4209-99C6-DBF645DA1209}.Release|x64.ActiveCfg = Release|x86
		{ECD8C5D0-CE15-4209-99C6-DBF645DA1209}.Release|x64.Build.0 = Release|x86
		{ECD8C5D0-CE15-4209-99C6-DBF645DA1209}.Release|x86.ActiveCfg = Release|x86
		{ECD8C5D0-CE15-4209-99C6-DBF645DA1209}.Release|x86.Build.0 = Release|x86
		{EC7394F5-A533-4159-B78D-62E745E09A3D}.Debug|Any CPU.ActiveCfg = Debug|x86
		{EC7394F5-A533-4159-B78D-62E745E09A3D}.Debug|Any CPU.Build.0 = Debug|x86
		{EC7394F5-A533-4159-B78D-62E745E09A3D}.Debug|x64.ActiveCfg = Debug|x86
		{EC7394F5-A533-4159-B78D-62E745E09A3D}.Debug|x64.Build.0 = Debug|x86
		{EC7394F5-A533-4159-B78D-62E745E09A3D}.Debug|x86.ActiveCfg = Debug|x86
		{EC7394F5-A533-4159-B78D-62E745E09A3D}.Debug|x86.Build.0 = Debug|x86
		{EC7394F5-A533-4159-B78D-62E745E09A3D}.Release|Any CPU.ActiveCfg = Release|x86
		{EC7394F5-A533-4159-B78D-62E745E09A3D}.Release|Any CPU.Build.0 = Release|x86
		{EC7394F5-A533-4159-B78D-62E745E09A3D}.Release|x64.ActiveCfg = Release|x86
		{EC7394F5-A533-4159-B78D-62E745E09A3D}.Release|x64.Build.0 = Release|x86
		{EC7394F5-A533-4159-B78D-62E745E09A3D}.Release|x86.ActiveCfg = Release|x86
		{EC7394F5-A533-4159-B78D-62E745E09A3D}.Release|x86.Build.0 = Release|x86
		{94499DB6-FD88-4B99-B32B-53C8177D2F74}.Debug|Any CPU.ActiveCfg = Debug|x86
		{94499DB6-FD88-4B99-B32B-53C8177D2F74}.Debug|Any CPU.Build.0 = Debug|x86
		{94499DB6-FD88-4B99-B32B-53C8177D2F74}.Debug|x64.ActiveCfg = Debug|x86
		{94499DB6-FD88-4B99-B32B-53C8177D2F74}.Debug|x64.Build.0 = Debug|x86
		{94499DB6-FD88-4B99-B32B-53C8177D2F74}.Debug|x86.ActiveCfg = Debug|x86
		{94499DB6-FD88-4B99-B32B-53C8177D2F74}.Debug|x86.Build.0 = Debug|x86
		{94499DB6-FD88-4B99-B32B-53C8177D2F74}.Release|Any CPU.ActiveCfg = Release|x86
		{94499DB6-FD88-4B99-B32B-53C8177D2F74}.Release|Any CPU.Build.0 = Release|x86
		{94499DB6-FD88-4B99-B32B-53C8177D2F74}.Release|x64.ActiveCfg = Release|x86
		{94499DB6-FD88-4B99-B32B-53C8177D2F74}.Release|x64.Build.0 = Release|x86
		{94499DB6-FD88-4B99-B32B-53C8177D2F74}.Release|x86.ActiveCfg = Release|x86
		{94499DB6-FD88-4B99-B32B-53C8177D2F74}.Release|x86.Build.0 = Release|x86
		{E1A45A7D-8797-4741-A6DB-D4E0960CF787}.Debug|Any CPU.ActiveCfg = Debug|x86
		{E1A45A7D-8797-4741-A6DB-D4E0960CF787}.Debug|Any CPU.Build.0 = Debug|x86
		{E1A45A7D-8797-4741-A6DB-D4E0960CF787}.Debug|x64.ActiveCfg = Debug|x86
		{E1A45A7D-8797-4741-A6DB-D4E0960CF787}.Debug|x64.Build.0 = Debug|x86
		{E1A45A7D-8797-4741-A6DB-D4E0960CF787}.Debug|x86.ActiveCfg = Debug|x86
		{E1A45A7D-8797-4741-A6DB-D4E0960CF787}.Debug|x86.Build.0 = Debug|x86
		{E1A45A7D-8797-4741-A6DB-D4E0960CF787}.Release|Any CPU.ActiveCfg = Release|x86
		{E1A45A7D-8797-4741-A6DB-D4E0960CF787}.Release|Any CPU.Build.0 = Release|x86
		{E1A45A7D-8797-4741-A6DB-D4E0960CF787}.Release|x64.ActiveCfg = Release|x86
		{E1A45A7D-8797-4741-A6DB-D4E0960CF787}.Release|x64.Build.0 = Release|x86
		{E1A45A7D-8797-4741-A6DB-D4E0960CF787}.Release|x86.ActiveCfg = Release|x86
		{E1A45A7D-8797-4741-A6DB-D4E0960CF787}.Release|x86.Build.0 = Release|x86
		{4535B023-381C-43F2-8131-90013BB5D7BF}.Debug|Any CPU.ActiveCfg = Debug|x86
		{4535B023-381C-43F2-8131-90013BB5D7BF}.Debug|Any CPU.Build.0 = Debug|x86
		{4535B023-381C-43F2-8131-90013BB5D7BF}.Debug|x64.ActiveCfg = Debug|x64
		{4535B023-381C-43F2-8131-90013BB5D7BF}.Debug|x64.Build.0 = Debug|x64
		{4535B023-381C-43F2-8131-90013BB5D7BF}.Debug|x86.ActiveCfg = Debug|x86
		{4535B023-381C-43F2-8131-90013BB5D7BF}.Debug|x86.Build.0 = Debug|x86
		{4535B023-381C-43F2-8131-90013BB5D7BF}.Release|Any CPU.ActiveCfg = Release|x86
		{4535B023-381C-43F2-8131-90013BB5D7BF}.Release|Any CPU.Build.0 = Release|x86
		{4535B023-381C-43F2-8131-90013BB5D7BF}.Release|x64.ActiveCfg = Release|x64
		{4535B023-381C-43F2-8131-90013BB5D7BF}.Release|x64.Build.0 = Release|x64
		{4535B023-381C-43F2-8131-90013BB5D7BF}.Release|x86.ActiveCfg = Release|x86
		{4535B023-381C-43F2-8131-90013BB5D7BF}.Release|x86.Build.0 = Release|x86
		{A6C012B7-DA5A-49E7-BCF9-113DBC8967B1}.Debug|Any CPU.ActiveCfg = Debug|x86
		{A6C012B7-DA5A-49E7-BCF9-113DBC8967B1}.Debug|Any CPU.Build.0 = Debug|x86
		{A6C012B7-DA5A-49E7-BCF9-113DBC8967B1}.Debug|x64.ActiveCfg = Debug|x64
		{A6C012B7-DA5A-49E7-BCF9-113DBC8967B1}.Debug|x64.Build.0 = Debug|x64
		{A6C012B7-DA5A-49E7-BCF9-113DBC8967B1}.Debug|x86.ActiveCfg = Debug|x86
		{A6C012B7-DA5A-49E7-BCF9-113DBC8967B1}.Debug|x86.Build.0 = Debug|x86
		{A6C012B7-DA5A-49E7-BCF9-113DBC8967B1}.Release|Any CPU.ActiveCfg = Release|x86
		{A6C012B7-DA5A-49E7-BCF9-113DBC8967B1}.Release|Any CPU.Build.0 = Release|x86
		{A6C012B7-DA5A-49E7-BCF9-113DBC8967B1}.Release|x64.ActiveCfg = Release|x64
		{A6C012B7-DA5A-49E7-BCF9-113DBC8967B1}.Release|x64.Build.0 = Release|x64
		{A6C012B7-DA5A-49E7-BCF9-113DBC8967B1}.Release|x86.ActiveCfg = Release|x86
		{A6C012B7-DA5A-49E7-BCF9-113DBC8967B1}.Release|x86.Build.0 = Release|x86
		{A9FF007F-370B-4E17-8F36-F822ECC8870A}.Debug|Any CPU.ActiveCfg = Debug|x86
		{A9FF007F-370B-4E17-8F36-F822ECC8870A}.Debug|Any CPU.Build.0 = Debug|x86
		{A9FF007F-370B-4E17-8F36-F822ECC8870A}.Debug|x64.ActiveCfg = Debug|x64
		{A9FF007F-370B-4E17-8F36-F822ECC8870A}.Debug|x64.Build.0 = Debug|x64
		{A9FF007F-370B-4E17-8F36-F822ECC8870A}.Debug|x86.ActiveCfg = Debug|x86
		{A9FF007F-370B-4E17-8F36-F822ECC8870A}.Debug|x86.Build.0 = Debug|x86
		{A9FF007F-370B-4E17-8F36-F822ECC8870A}.Release|Any CPU.ActiveCfg = Release|x86
		{A9FF007F-370B-4E17-8F36-F822ECC8870A}.Release|Any CPU.Build.0 = Release|x86
		{A9FF007F-370B-4E17-8F36-F822ECC8870A}.Release|x64.ActiveCfg = Release|x64
		{A9FF007F-370B-4E17-8F36-F822ECC8870A}.Release|x64.Build.0 = Release|x64
		{A9FF007F-370B-4E17-8F36-F822ECC8870A}.Release|x86.ActiveCfg = Release|x86
		{A9FF007F-370B-4E17-8F36-F822ECC8870A}.Release|x86.Build.0 = Release|x86
	EndGlobalSection
	GlobalSection(NestedProjects) = preSolution
		{A6C012B7-DA5A-49E7-BCF9-113DBC8967B1} = {97DF1E33-0DC8-4AE5-8B43-F4BA3A6F1CD7}
		{A9FF007F-370B-4E17-8F36-F822ECC8870A} = {97DF1E33-0DC8-4AE5-8B43-F4BA3A6F1CD7}
	EndGlobalSection
EndGlobal
